
Microsoft Visual Studio Solution File, Format Version 12.00
# Visual Studio 14
VisualStudioVersion = 14.0.25420.1
MinimumVisualStudioVersion = 10.0.40219.1
Project("{FAE04EC0-301F-11D3-BF4B-00C04F79EFBC}") = "NLogger", "NLogger\NLogger.csproj", "{80AE3E04-CB5A-4206-A79F-A643F02A2817}"
EndProject
Project("{FAE04EC0-301F-11D3-BF4B-00C04F79EFBC}") = "NLoggerConsole", "NLoggerConsole\NLoggerConsole.csproj", "{8F541118-DE9D-4731-9ED3-89B05C69B39F}"
EndProject
Global
	GlobalSection(SolutionConfigurationPlatforms) = preSolution
		Debug|Any CPU = Debug|Any CPU
		Release|Any CPU = Release|Any CPU
	EndGlobalSection
	GlobalSection(ProjectConfigurationPlatforms) = postSolution
		{80AE3E04-CB5A-4206-A79F-A643F02A2817}.Debug|Any CPU.ActiveCfg = Debug|Any CPU
		{80AE3E04-CB5A-4206-A79F-A643F02A2817}.Debug|Any CPU.Build.0 = Debug|Any CPU
		{80AE3E04-CB5A-4206-A79F-A643F02A2817}.Release|Any CPU.ActiveCfg = Release|Any CPU
		{80AE3E04-CB5A-4206-A79F-A643F02A2817}.Release|Any CPU.Build.0 = Release|Any CPU
		{8F541118-DE9D-4731-9ED3-89B05C69B39F}.Debug|Any CPU.ActiveCfg = Debug|Any CPU
		{8F541118-DE9D-4731-9ED3-89B05C69B39F}.Debug|Any CPU.Build.0 = Debug|Any CPU
		{8F541118-DE9D-4731-9ED3-89B05C69B39F}.Release|Any CPU.ActiveCfg = Release|Any CPU
		{8F541118-DE9D-4731-9ED3-89B05C69B39F}.Release|Any CPU.Build.0 = Release|Any CPU
	EndGlobalSection
	GlobalSection(SolutionProperties) = preSolution
		HideSolutionNode = FALSE
	EndGlobalSection
EndGlobal
